Microsoft Visual Studio Solution File, Format Version 12.00
# Visual Studio Version 17
VisualStudioVersion = 17.5.2.0
MinimumVisualStudioVersion = 10.0.40219.1
Project("{FAE04EC0-301F-11D3-BF4B-00C04F79EFBC}") = "Ex_02_03", "Ex_02_03\Ex_02_03.csproj", "{B2D398D1-EDE7-1456-1AAD-D59CB4426503}"
EndProject
Project("{FAE04EC0-301F-11D3-BF4B-00C04F79EFBC}") = "Ex_03_07", "Ex_03_07\Ex_03_07.csproj", "{9C52CC26-E5D6-D4E7-DBBD-F236753C5B39}"
EndProject
Project("{FAE04EC0-301F-11D3-BF4B-00C04F79EFBC}") = "Ex_02_09", "Ex_02_09\Ex_02_09.csproj", "{456FB3AC-3039-43C3-761C-983399463CF4}"
EndProject
Project("{FAE04EC0-301F-11D3-BF4B-00C04F79EFBC}") = "Ex_02_04", "Ex_02_04\Ex_02_04.csproj", "{FB101CF3-3E61-F78E-EDD5-7BA332135463}"
EndProject
Project("{FAE04EC0-301F-11D3-BF4B-00C04F79EFBC}") = "Ex_03_08", "Ex_03_08\Ex_03_08.csproj", "{59ADB03F-7CE8-9852-3D25-3C4E254DE7AC}"
EndProject
Project("{FAE04EC0-301F-11D3-BF4B-00C04F79EFBC}") = "Ex_03_12", "Ex_03_12\Ex_03_12.csproj", "{A537C884-6AB5-9717-158F-DD2099FDFC12}"
EndProject
Project("{FAE04EC0-301F-11D3-BF4B-00C04F79EFBC}") = "Ex_03_11", "Ex_03_11\Ex_03_11.csproj", "{F16D5BB0-601F-E987-6838-DA6DCA7BEC2D}"
EndProject
Project("{FAE04EC0-301F-11D3-BF4B-00C04F79EFBC}") = "Ex_03_10", "Ex_03_10\Ex_03_10.csproj", "{768C28C8-4165-3758-D1D1-911969694365}"
EndProject
Project("{FAE04EC0-301F-11D3-BF4B-00C04F79EFBC}") = "Ex_02_08", "Ex_02_08\Ex_02_08.csproj", "{D2F585EB-603A-F459-A037-13C4ED6D2127}"
EndProject
Project("{FAE04EC0-301F-11D3-BF4B-00C04F79EFBC}") = "Ex_02_01", "Ex_02_01\Ex_02_01.csproj", "{6BEA640A-D3D4-C4E4-C7C7-6CBD2D8991A0}"
EndProject
Project("{FAE04EC0-301F-11D3-BF4B-00C04F79EFBC}") = "Ex_02_07", "Ex_02_07\Ex_02_07.csproj", "{4599D664-A50F-F10D-0A47-E2E512499A8F}"
EndProject
Project("{FAE04EC0-301F-11D3-BF4B-00C04F79EFBC}") = "Ex_02_05", "Ex_02_05\Ex_02_05.csproj", "{21016F2D-C625-C3C7-3DF7-968023E386D7}"
EndProject
Project("{FAE04EC0-301F-11D3-BF4B-00C04F79EFBC}") = "Ex_02_02", "Ex_02_02\Ex_02_02.csproj", "{23D9A5BF-74B5-2910-DA77-43227D37AF0C}"
EndProject
Project("{FAE04EC0-301F-11D3-BF4B-00C04F79EFBC}") = "Ex_03_01", "Ex_03_01\Ex_03_01.csproj", "{A52E072E-AF4B-90B2-6B02-3915D64FE484}"
EndProject
Project("{FAE04EC0-301F-11D3-BF4B-00C04F79EFBC}") = "Ex_03_06", "Ex_03_06\Ex_03_06.csproj", "{FA8A0DEA-C017-8AC3-CD79-0481D979176F}"
EndProject
Global
	GlobalSection(SolutionConfigurationPlatforms) = preSolution
		Debug|Any CPU = Debug|Any CPU
		Release|Any CPU = Release|Any CPU
	EndGlobalSection
	GlobalSection(ProjectConfigurationPlatforms) = postSolution
		{B2D398D1-EDE7-1456-1AAD-D59CB4426503}.Debug|Any CPU.ActiveCfg = Debug|Any CPU
		{B2D398D1-EDE7-1456-1AAD-D59CB4426503}.Debug|Any CPU.Build.0 = Debug|Any CPU
		{B2D398D1-EDE7-1456-1AAD-D59CB4426503}.Release|Any CPU.ActiveCfg = Release|Any CPU
		{B2D398D1-EDE7-1456-1AAD-D59CB4426503}.Release|Any CPU.Build.0 = Release|Any CPU
		{9C52CC26-E5D6-D4E7-DBBD-F236753C5B39}.Debug|Any CPU.ActiveCfg = Debug|Any CPU
		{9C52CC26-E5D6-D4E7-DBBD-F236753C5B39}.Debug|Any CPU.Build.0 = Debug|Any CPU
		{9C52CC26-E5D6-D4E7-DBBD-F236753C5B39}.Release|Any CPU.ActiveCfg = Release|Any CPU
		{9C52CC26-E5D6-D4E7-DBBD-F236753C5B39}.Release|Any CPU.Build.0 = Release|Any CPU
		{456FB3AC-3039-43C3-761C-983399463CF4}.Debug|Any CPU.ActiveCfg = Debug|Any CPU
		{456FB3AC-3039-43C3-761C-983399463CF4}.Debug|Any CPU.Build.0 = Debug|Any CPU
		{456FB3AC-3039-43C3-761C-983399463CF4}.Release|Any CPU.ActiveCfg = Release|Any CPU
		{456FB3AC-3039-43C3-761C-983399463CF4}.Release|Any CPU.Build.0 = Release|Any CPU
		{FB101CF3-3E61-F78E-EDD5-7BA332135463}.Debug|Any CPU.ActiveCfg = Debug|Any CPU
		{FB101CF3-3E61-F78E-EDD5-7BA332135463}.Debug|Any CPU.Build.0 = Debug|Any CPU
		{FB101CF3-3E61-F78E-EDD5-7BA332135463}.Release|Any CPU.ActiveCfg = Release|Any CPU
		{FB101CF3-3E61-F78E-EDD5-7BA332135463}.Release|Any CPU.Build.0 = Release|Any CPU
		{59ADB03F-7CE8-9852-3D25-3C4E254DE7AC}.Debug|Any CPU.ActiveCfg = Debug|Any CPU
		{59ADB03F-7CE8-9852-3D25-3C4E254DE7AC}.Debug|Any CPU.Build.0 = Debug|Any CPU
		{59ADB03F-7CE8-9852-3D25-3C4E254DE7AC}.Release|Any CPU.ActiveCfg = Release|Any CPU
		{59ADB03F-7CE8-9852-3D25-3C4E254DE7AC}.Release|Any CPU.Build.0 = Release|Any CPU
		{A537C884-6AB5-9717-158F-DD2099FDFC12}.Debug|Any CPU.ActiveCfg = Debug|Any CPU
		{A537C884-6AB5-9717-158F-DD2099FDFC12}.Debug|Any CPU.Build.0 = Debug|Any CPU
		{A537C884-6AB5-9717-158F-DD2099FDFC12}.Release|Any CPU.ActiveCfg = Release|Any CPU
		{A537C884-6AB5-9717-158F-DD2099FDFC12}.Release|Any CPU.Build.0 = Release|Any CPU
		{F16D5BB0-601F-E987-6838-DA6DCA7BEC2D}.Debug|Any CPU.ActiveCfg = Debug|Any CPU
		{F16D5BB0-601F-E987-6838-DA6DCA7BEC2D}.Debug|Any CPU.Build.0 = Debug|Any CPU
		{F16D5BB0-601F-E987-6838-DA6DCA7BEC2D}.Release|Any CPU.ActiveCfg = Release|Any CPU
		{F16D5BB0-601F-E987-6838-DA6DCA7BEC2D}.Release|Any CPU.Build.0 = Release|Any CPU
		{768C28C8-4165-3758-D1D1-911969694365}.Debug|Any CPU.ActiveCfg = Debug|Any CPU
		{768C28C8-4165-3758-D1D1-911969694365}.Debug|Any CPU.Build.0 = Debug|Any CPU
		{768C28C8-4165-3758-D1D1-911969694365}.Release|Any CPU.ActiveCfg = Release|Any CPU
		{768C28C8-4165-3758-D1D1-911969694365}.Release|Any CPU.Build.0 = Release|Any CPU
		{D2F585EB-603A-F459-A037-13C4ED6D2127}.Debug|Any CPU.ActiveCfg = Debug|Any CPU
		{D2F585EB-603A-F459-A037-13C4ED6D2127}.Debug|Any CPU.Build.0 = Debug|Any CPU
		{D2F585EB-603A-F459-A037-13C4ED6D2127}.Release|Any CPU.ActiveCfg = Release|Any CPU
		{D2F585EB-603A-F459-A037-13C4ED6D2127}.Release|Any CPU.Build.0 = Release|Any CPU
		{6BEA640A-D3D4-C4E4-C7C7-6CBD2D8991A0}.Debug|Any CPU.ActiveCfg = Debug|Any CPU
		{6BEA640A-D3D4-C4E4-C7C7-6CBD2D8991A0}.Debug|Any CPU.Build.0 = Debug|Any CPU
		{6BEA640A-D3D4-C4E4-C7C7-6CBD2D8991A0}.Release|Any CPU.ActiveCfg = Release|Any CPU
		{6BEA640A-D3D4-C4E4-C7C7-6CBD2D8991A0}.Release|Any CPU.Build.0 = Release|Any CPU
		{4599D664-A50F-F10D-0A47-E2E512499A8F}.Debug|Any CPU.ActiveCfg = Debug|Any CPU
		{4599D664-A50F-F10D-0A47-E2E512499A8F}.Debug|Any CPU.Build.0 = Debug|Any CPU
		{4599D664-A50F-F10D-0A47-E2E512499A8F}.Release|Any CPU.ActiveCfg = Release|Any CPU
		{4599D664-A50F-F10D-0A47-E2E512499A8F}.Release|Any CPU.Build.0 = Release|Any CPU
		{21016F2D-C625-C3C7-3DF7-968023E386D7}.Debug|Any CPU.ActiveCfg = Debug|Any CPU
		{21016F2D-C625-C3C7-3DF7-968023E386D7}.Debug|Any CPU.Build.0 = Debug|Any CPU
		{21016F2D-C625-C3C7-3DF7-968023E386D7}.Release|Any CPU.ActiveCfg = Release|Any CPU
		{21016F2D-C625-C3C7-3DF7-968023E386D7}.Release|Any CPU.Build.0 = Release|Any CPU
		{23D9A5BF-74B5-2910-DA77-43227D37AF0C}.Debug|Any CPU.ActiveCfg = Debug|Any CPU
		{23D9A5BF-74B5-2910-DA77-43227D37AF0C}.Debug|Any CPU.Build.0 = Debug|Any CPU
		{23D9A5BF-74B5-2910-DA77-43227D37AF0C}.Release|Any CPU.ActiveCfg = Release|Any CPU
		{23D9A5BF-74B5-2910-DA77-43227D37AF0C}.Release|Any CPU.Build.0 = Release|Any CPU
		{A52E072E-AF4B-90B2-6B02-3915D64FE484}.Debug|Any CPU.ActiveCfg = Debug|Any CPU
		{A52E072E-AF4B-90B2-6B02-3915D64FE484}.Debug|Any CPU.Build.0 = Debug|Any CPU
		{A52E072E-AF4B-90B2-6B02-3915D64FE484}.Release|Any CPU.ActiveCfg = Release|Any CPU
		{A52E072E-AF4B-90B2-6B02-3915D64FE484}.Release|Any CPU.Build.0 = Release|Any CPU
		{FA8A0DEA-C017-8AC3-CD79-0481D979176F}.Debug|Any CPU.ActiveCfg = Debug|Any CPU
		{FA8A0DEA-C017-8AC3-CD79-0481D979176F}.Debug|Any CPU.Build.0 = Debug|Any CPU
		{FA8A0DEA-C017-8AC3-CD79-0481D979176F}.Release|Any CPU.ActiveCfg = Release|Any CPU
		{FA8A0DEA-C017-8AC3-CD79-0481D979176F}.Release|Any CPU.Build.0 = Release|Any CPU
	EndGlobalSection
	GlobalSection(SolutionProperties) = preSolution
		HideSolutionNode = FALSE
	EndGlobalSection
	GlobalSection(ExtensibilityGlobals) = postSolution
		SolutionGuid = {3BD6F7D2-61E5-449F-A36F-243C23271CA2}
	EndGlobalSection
EndGlobal
